Microsoft Visual Studio Solution File, Format Version 12.00
# Visual Studio 2013
Project("{8BC9CEB8-8B4A-11D0-8D11-00A0C91BC942}") = "testModelKit", "F:/qt/ModelKit-study/tests/testModelKit\testModelKit.vcxproj", "{156D7B5A-F1FB-3F46-BD66-67EB958D996F}"
EndProject
Project("{8BC9CEB8-8B4A-11D0-8D11-00A0C91BC942}") = "testSLC", "F:/qt/ModelKit-study/tests/testSLC\testSLC.vcxproj", "{32F5EF42-627D-3323-A4D6-9303CCA1D80D}"
EndProject
Project("{8BC9CEB8-8B4A-11D0-8D11-00A0C91BC942}") = "testInfill", "F:/qt/ModelKit-study/tests/testInfill\testInfill.vcxproj", "{BF538297-6784-364A-B7AB-A21E67AC11D0}"
EndProject
Project("{8BC9CEB8-8B4A-11D0-8D11-00A0C91BC942}") = "testOffset", "F:/qt/ModelKit-study/tests/testOffset\testOffset.vcxproj", "{E9A518D3-FD4C-3154-B8DF-8FCD1DE2DD2C}"
EndProject
Global
	GlobalSection(SolutionConfigurationPlatforms) = preSolution
		Debug|Win32 = Debug|Win32
		Release|Win32 = Release|Win32
	EndGlobalSection
	GlobalSection(ProjectConfigurationPlatforms) = postSolution
		{156D7B5A-F1FB-3F46-BD66-67EB958D996F}.Debug|Win32.ActiveCfg = Debug|Win32
		{156D7B5A-F1FB-3F46-BD66-67EB958D996F}.Debug|Win32.Build.0 = Debug|Win32
		{156D7B5A-F1FB-3F46-BD66-67EB958D996F}.Release|Win32.ActiveCfg = Release|Win32
		{156D7B5A-F1FB-3F46-BD66-67EB958D996F}.Release|Win32.Build.0 = Release|Win32
		{32F5EF42-627D-3323-A4D6-9303CCA1D80D}.Debug|Win32.ActiveCfg = Debug|Win32
		{32F5EF42-627D-3323-A4D6-9303CCA1D80D}.Debug|Win32.Build.0 = Debug|Win32
		{32F5EF42-627D-3323-A4D6-9303CCA1D80D}.Release|Win32.ActiveCfg = Release|Win32
		{32F5EF42-627D-3323-A4D6-9303CCA1D80D}.Release|Win32.Build.0 = Release|Win32
		{BF538297-6784-364A-B7AB-A21E67AC11D0}.Debug|Win32.ActiveCfg = Debug|Win32
		{BF538297-6784-364A-B7AB-A21E67AC11D0}.Debug|Win32.Build.0 = Debug|Win32
		{BF538297-6784-364A-B7AB-A21E67AC11D0}.Release|Win32.ActiveCfg = Release|Win32
		{BF538297-6784-364A-B7AB-A21E67AC11D0}.Release|Win32.Build.0 = Release|Win32
		{E9A518D3-FD4C-3154-B8DF-8FCD1DE2DD2C}.Debug|Win32.ActiveCfg = Debug|Win32
		{E9A518D3-FD4C-3154-B8DF-8FCD1DE2DD2C}.Debug|Win32.Build.0 = Debug|Win32
		{E9A518D3-FD4C-3154-B8DF-8FCD1DE2DD2C}.Release|Win32.ActiveCfg = Release|Win32
		{E9A518D3-FD4C-3154-B8DF-8FCD1DE2DD2C}.Release|Win32.Build.0 = Release|Win32
	EndGlobalSection
	GlobalSection(ExtensibilityGlobals) = postSolution
	EndGlobalSection
	GlobalSection(ExtensibilityAddIns) = postSolution
	EndGlobalSection
EndGlobal